
Microsoft Visual Studio Solution File, Format Version 12.00
# Visual Studio Version 17
VisualStudioVersion = 17.3.32804.467
MinimumVisualStudioVersion = 10.0.40219.1
Project("{FAE04EC0-301F-11D3-BF4B-00C04F79EFBC}") = "MinoArboledaJuanJavier01062023_1", "MinoArboledaJuanJavier01062023_1\MinoArboledaJuanJavier01062023_1.csproj", "{98B2E32B-0D25-4109-8894-7B5476080084}"
EndProject
Global
	GlobalSection(SolutionConfigurationPlatforms) = preSolution
		Debug|Any CPU = Debug|Any CPU
		Release|Any CPU = Release|Any CPU
	EndGlobalSection
	GlobalSection(ProjectConfigurationPlatforms) = postSolution
		{98B2E32B-0D25-4109-8894-7B5476080084}.Debug|Any CPU.ActiveCfg = Debug|Any CPU
		{98B2E32B-0D25-4109-8894-7B5476080084}.Debug|Any CPU.Build.0 = Debug|Any CPU
		{98B2E32B-0D25-4109-8894-7B5476080084}.Release|Any CPU.ActiveCfg = Release|Any CPU
		{98B2E32B-0D25-4109-8894-7B5476080084}.Release|Any CPU.Build.0 = Release|Any CPU
	EndGlobalSection
	GlobalSection(SolutionProperties) = preSolution
		HideSolutionNode = FALSE
	EndGlobalSection
	GlobalSection(ExtensibilityGlobals) = postSolution
		SolutionGuid = {84BE2B35-DC1D-4467-BF42-FA4F85780CF4}
	EndGlobalSection
EndGlobal
